{
  "requires": true,
  "lockfileVersion": 1,
  "dependencies": {
    "bootstrap": {
      "version": "5.0.0",
      "resolved": "https://registry.npmjs.org/bootstrap/-/bootstrap-5.0.0.tgz",
      "integrity": "sha512-tmhPET9B9qCl8dCofvHeiIhi49iBt0EehmIsziZib65k1erBW1rHhj2s/2JsuQh5Pq+xz2E9bEbzp9B7xHG+VA=="
    },
    "jQuery": {
      "version": "1.7.4",
      "resolved": "https://registry.npmjs.org/jQuery/-/jQuery-1.7.4.tgz",
      "integrity": "sha1-8y3FyFpwRO6GS0RDue5F+UeLoTc="
    }
  }
}
